// !$*UTF8*$!
{
	archiveVersion = 1;
	classes = {
	};
	objectVersion = 51;
	objects = {

/* Begin PBXBuildFile section */
		1B2FD1CC065F5A8886BEB055 /* Pods_GIF.framework in Frameworks */ = {isa = PBXBuildFile; fileRef = 9BACBAFC4B0703F632B5D079 /* Pods_GIF.framework */; };
		84203F592670F1DA0040F6B8 /* Constants.swift in Sources */ = {isa = PBXBuildFile; fileRef = 84203F582670F1DA0040F6B8 /* Constants.swift */; };
		845A629B2668EB2200C3FBB5 /* TimerManager.swift in Sources */ = {isa = PBXBuildFile; fileRef = 845A629A2668EB2200C3FBB5 /* TimerManager.swift */; };
		845A629E2668EB3D00C3FBB5 /* TimerManagerProtocol.swift in Sources */ = {isa = PBXBuildFile; fileRef = 845A629D2668EB3D00C3FBB5 /* TimerManagerProtocol.swift */; };
		84A4BEA32661268600B0CD0E /* CollectionViewCellWithGif.swift in Sources */ = {isa = PBXBuildFile; fileRef = 84A4BEA12661268600B0CD0E /* CollectionViewCellWithGif.swift */; };
		84A4BEA42661268600B0CD0E /* CollectionViewCellWithGif.xib in Resources */ = {isa = PBXBuildFile; fileRef = 84A4BEA22661268600B0CD0E /* CollectionViewCellWithGif.xib */; };
		84AC37DF265D06E60079611F /* AppDelegate.swift in Sources */ = {isa = PBXBuildFile; fileRef = 84AC37DE265D06E60079611F /* AppDelegate.swift */; };
		84AC37E1265D06E60079611F /* SceneDelegate.swift in Sources */ = {isa = PBXBuildFile; fileRef = 84AC37E0265D06E60079611F /* SceneDelegate.swift */; };
		84AC37E3265D06E60079611F /* SearchGifViewController.swift in Sources */ = {isa = PBXBuildFile; fileRef = 84AC37E2265D06E60079611F /* SearchGifViewController.swift */; };
		84AC37E6265D06E60079611F /* Main.storyboard in Resources */ = {isa = PBXBuildFile; fileRef = 84AC37E4265D06E60079611F /* Main.storyboard */; };
		84AC37E8265D06EE0079611F /* Assets.xcassets in Resources */ = {isa = PBXBuildFile; fileRef = 84AC37E7265D06EE0079611F /* Assets.xcassets */; };
		84AC37EB265D06EE0079611F /* LaunchScreen.storyboard in Resources */ = {isa = PBXBuildFile; fileRef = 84AC37E9265D06EE0079611F /* LaunchScreen.storyboard */; };
		84AC3808265E55CF0079611F /* ResponseFromTheServer.swift in Sources */ = {isa = PBXBuildFile; fileRef = 84AC3807265E55CE0079611F /* ResponseFromTheServer.swift */; };
		84C956982694758D00EAAFB9 /* GifManagerProtocol.swift in Sources */ = {isa = PBXBuildFile; fileRef = 84C956972694758D00EAAFB9 /* GifManagerProtocol.swift */; };
		84C9569C2694759C00EAAFB9 /* GifManager.swift in Sources */ = {isa = PBXBuildFile; fileRef = 84C9569B2694759C00EAAFB9 /* GifManager.swift */; };
		84C956A426947A0100EAAFB9 /* GifApiService.swift in Sources */ = {isa = PBXBuildFile; fileRef = 84C956A326947A0100EAAFB9 /* GifApiService.swift */; };
/* End PBXBuildFile section */

/* Begin PBXFileReference section */
		19157F72AD28E6D1456DC432 /* Pods-GIF.debug.xcconfig */ = {isa = PBXFileReference; includeInIndex = 1; lastKnownFileType = text.xcconfig; name = "Pods-GIF.debug.xcconfig"; path = "Target Support Files/Pods-GIF/Pods-GIF.debug.xcconfig"; sourceTree = "<group>"; };
		62123C957ED316CD31F953D9 /* Pods-GIF.release.xcconfig */ = {isa = PBXFileReference; includeInIndex = 1; lastKnownFileType = text.xcconfig; name = "Pods-GIF.release.xcconfig"; path = "Target Support Files/Pods-GIF/Pods-GIF.release.xcconfig"; sourceTree = "<group>"; };
		84203F582670F1DA0040F6B8 /* Constants.swift */ = {isa = PBXFileReference; lastKnownFileType = sourcecode.swift; path = Constants.swift; sourceTree = "<group>"; };
		845A629A2668EB2200C3FBB5 /* TimerManager.swift */ = {isa = PBXFileReference; lastKnownFileType = sourcecode.swift; path = TimerManager.swift; sourceTree = "<group>"; };
		845A629D2668EB3D00C3FBB5 /* TimerManagerProtocol.swift */ = {isa = PBXFileReference; lastKnownFileType = sourcecode.swift; path = TimerManagerProtocol.swift; sourceTree = "<group>"; };
		84A4BEA12661268600B0CD0E /* CollectionViewCellWithGif.swift */ = {isa = PBXFileReference; lastKnownFileType = sourcecode.swift; path = CollectionViewCellWithGif.swift; sourceTree = "<group>"; };
		84A4BEA22661268600B0CD0E /* CollectionViewCellWithGif.xib */ = {isa = PBXFileReference; lastKnownFileType = file.xib; path = CollectionViewCellWithGif.xib; sourceTree = "<group>"; };
		84AC37DB265D06E60079611F /* GIF.app */ = {isa = PBXFileReference; explicitFileType = wrapper.application; includeInIndex = 0; path = GIF.app; sourceTree = BUILT_PRODUCTS_DIR; };
		84AC37DE265D06E60079611F /* AppDelegate.swift */ = {isa = PBXFileReference; lastKnownFileType = sourcecode.swift; path = AppDelegate.swift; sourceTree = "<group>"; };
		84AC37E0265D06E60079611F /* SceneDelegate.swift */ = {isa = PBXFileReference; lastKnownFileType = sourcecode.swift; path = SceneDelegate.swift; sourceTree = "<group>"; };
		84AC37E2265D06E60079611F /* SearchGifViewController.swift */ = {isa = PBXFileReference; lastKnownFileType = sourcecode.swift; path = SearchGifViewController.swift; sourceTree = "<group>"; };
		84AC37E5265D06E60079611F /* Base */ = {isa = PBXFileReference; lastKnownFileType = file.storyboard; name = Base; path = Base.lproj/Main.storyboard; sourceTree = "<group>"; };
		84AC37E7265D06EE0079611F /* Assets.xcassets */ = {isa = PBXFileReference; lastKnownFileType = folder.assetcatalog; path = Assets.xcassets; sourceTree = "<group>"; };
		84AC37EA265D06EE0079611F /* Base */ = {isa = PBXFileReference; lastKnownFileType = file.storyboard; name = Base; path = Base.lproj/LaunchScreen.storyboard; sourceTree = "<group>"; };
		84AC37EC265D06EE0079611F /* Info.plist */ = {isa = PBXFileReference; lastKnownFileType = text.plist.xml; path = Info.plist; sourceTree = "<group>"; };
		84AC3807265E55CE0079611F /* ResponseFromTheServer.swift */ = {isa = PBXFileReference; lastKnownFileType = sourcecode.swift; path = ResponseFromTheServer.swift; sourceTree = "<group>"; };
		84C956972694758D00EAAFB9 /* GifManagerProtocol.swift */ = {isa = PBXFileReference; lastKnownFileType = sourcecode.swift; path = GifManagerProtocol.swift; sourceTree = "<group>"; };
		84C9569B2694759C00EAAFB9 /* GifManager.swift */ = {isa = PBXFileReference; lastKnownFileType = sourcecode.swift; path = GifManager.swift; sourceTree = "<group>"; };
		84C956A326947A0100EAAFB9 /* GifApiService.swift */ = {isa = PBXFileReference; lastKnownFileType = sourcecode.swift; path = GifApiService.swift; sourceTree = "<group>"; };
		9BACBAFC4B0703F632B5D079 /* Pods_GIF.framework */ = {isa = PBXFileReference; explicitFileType = wrapper.framework; includeInIndex = 0; path = Pods_GIF.framework; sourceTree = BUILT_PRODUCTS_DIR; };
/* End PBXFileReference section */

/* Begin PBXFrameworksBuildPhase section */
		84AC37D8265D06E60079611F /* Frameworks */ = {
			isa = PBXFrameworksBuildPhase;
			buildActionMask = 2147483647;
			files = (
				1B2FD1CC065F5A8886BEB055 /* Pods_GIF.framework in Frameworks */,
			);
			runOnlyForDeploymentPostprocessing = 0;
		};
/* End PBXFrameworksBuildPhase section */

/* Begin PBXGroup section */
		6B64D1D854D011EBDA964686 /* Pods */ = {
			isa = PBXGroup;
			children = (
				19157F72AD28E6D1456DC432 /* Pods-GIF.debug.xcconfig */,
				62123C957ED316CD31F953D9 /* Pods-GIF.release.xcconfig */,
			);
			path = Pods;
			sourceTree = "<group>";
		};
		84203F572670F1B60040F6B8 /* Constants */ = {
			isa = PBXGroup;
			children = (
				84203F582670F1DA0040F6B8 /* Constants.swift */,
			);
			path = Constants;
			sourceTree = "<group>";
		};
		84AC37D2265D06E60079611F = {
			isa = PBXGroup;
			children = (
				84AC37DD265D06E60079611F /* GIF */,
				84AC37DC265D06E60079611F /* Products */,
				6B64D1D854D011EBDA964686 /* Pods */,
				B45EEC69EA16FEB4B9486256 /* Frameworks */,
			);
			sourceTree = "<group>";
		};
		84AC37DC265D06E60079611F /* Products */ = {
			isa = PBXGroup;
			children = (
				84AC37DB265D06E60079611F /* GIF.app */,
			);
			name = Products;
			sourceTree = "<group>";
		};
		84AC37DD265D06E60079611F /* GIF */ = {
			isa = PBXGroup;
			children = (
				84C956B72694993100EAAFB9 /* Storyboards */,
				84C95696269474FA00EAAFB9 /* Manager */,
				84203F572670F1B60040F6B8 /* Constants */,
				84AC380C265E563B0079611F /* Models */,
				84AC380D265E56400079611F /* Views */,
				84AC380E265E56450079611F /* Controllers */,
				84AC380B265E562C0079611F /* SupportingFiles */,
			);
			path = GIF;
			sourceTree = "<group>";
		};
		84AC380B265E562C0079611F /* SupportingFiles */ = {
			isa = PBXGroup;
			children = (
				84AC37EC265D06EE0079611F /* Info.plist */,
				84AC37DE265D06E60079611F /* AppDelegate.swift */,
				84AC37E0265D06E60079611F /* SceneDelegate.swift */,
				84AC37E7265D06EE0079611F /* Assets.xcassets */,
				84AC37E9265D06EE0079611F /* LaunchScreen.storyboard */,
			);
			path = SupportingFiles;
			sourceTree = "<group>";
		};
		84AC380C265E563B0079611F /* Models */ = {
			isa = PBXGroup;
			children = (
				84C956B52694990300EAAFB9 /* Application */,
				84C956B4269498FD00EAAFB9 /* Moya */,
			);
			path = Models;
			sourceTree = "<group>";
		};
		84AC380D265E56400079611F /* Views */ = {
			isa = PBXGroup;
			children = (
				84C956B62694991400EAAFB9 /* CollectionViewCellWithGif */,
			);
			path = Views;
			sourceTree = "<group>";
		};
		84AC380E265E56450079611F /* Controllers */ = {
			isa = PBXGroup;
			children = (
				84AC37E2265D06E60079611F /* SearchGifViewController.swift */,
			);
			path = Controllers;
			sourceTree = "<group>";
		};
		84C95696269474FA00EAAFB9 /* Manager */ = {
			isa = PBXGroup;
			children = (
				84C956A626947D3B00EAAFB9 /* Protocols */,
				84C9569B2694759C00EAAFB9 /* GifManager.swift */,
				845A629A2668EB2200C3FBB5 /* TimerManager.swift */,
			);
			path = Manager;
			sourceTree = "<group>";
		};
		84C956A626947D3B00EAAFB9 /* Protocols */ = {
			isa = PBXGroup;
			children = (
				845A629D2668EB3D00C3FBB5 /* TimerManagerProtocol.swift */,
				84C956972694758D00EAAFB9 /* GifManagerProtocol.swift */,
			);
			path = Protocols;
			sourceTree = "<group>";
		};
		84C956B4269498FD00EAAFB9 /* Moya */ = {
			isa = PBXGroup;
			children = (
				84C956A326947A0100EAAFB9 /* GifApiService.swift */,
			);
			path = Moya;
			sourceTree = "<group>";
		};
		84C956B52694990300EAAFB9 /* Application */ = {
			isa = PBXGroup;
			children = (
				84AC3807265E55CE0079611F /* ResponseFromTheServer.swift */,
			);
			path = Application;
			sourceTree = "<group>";
		};
		84C956B62694991400EAAFB9 /* CollectionViewCellWithGif */ = {
			isa = PBXGroup;
			children = (
				84A4BEA12661268600B0CD0E /* CollectionViewCellWithGif.swift */,
				84A4BEA22661268600B0CD0E /* CollectionViewCellWithGif.xib */,
			);
			path = CollectionViewCellWithGif;
			sourceTree = "<group>";
		};
		84C956B72694993100EAAFB9 /* Storyboards */ = {
			isa = PBXGroup;
			children = (
				84AC37E4265D06E60079611F /* Main.storyboard */,
			);
			path = Storyboards;
			sourceTree = "<group>";
		};
		B45EEC69EA16FEB4B9486256 /* Frameworks */ = {
			isa = PBXGroup;
			children = (
				9BACBAFC4B0703F632B5D079 /* Pods_GIF.framework */,
			);
			name = Frameworks;
			sourceTree = "<group>";
		};
/* End PBXGroup section */

/* Begin PBXNativeTarget section */
		84AC37DA265D06E60079611F /* GIF */ = {
			isa = PBXNativeTarget;
			buildConfigurationList = 84AC37EF265D06EE0079611F /* Build configuration list for PBXNativeTarget "GIF" */;
			buildPhases = (
				36CD94F7182561A5DB10F4E7 /* [CP] Check Pods Manifest.lock */,
				84AC37D7265D06E60079611F /* Sources */,
				84AC37D8265D06E60079611F /* Frameworks */,
				84AC37D9265D06E60079611F /* Resources */,
				0AB73D6642BC2E511A60196E /* [CP] Embed Pods Frameworks */,
			);
			buildRules = (
			);
			dependencies = (
			);
			name = GIF;
			productName = GIF;
			productReference = 84AC37DB265D06E60079611F /* GIF.app */;
			productType = "com.apple.product-type.application";
		};
/* End PBXNativeTarget section */

/* Begin PBXProject section */
		84AC37D3265D06E60079611F /* Project object */ = {
			isa = PBXProject;
			attributes = {
				LastSwiftUpdateCheck = 1230;
				LastUpgradeCheck = 1230;
				TargetAttributes = {
					84AC37DA265D06E60079611F = {
						CreatedOnToolsVersion = 12.3;
					};
				};
			};
			buildConfigurationList = 84AC37D6265D06E60079611F /* Build configuration list for PBXProject "GIF" */;
			compatibilityVersion = "Xcode 9.3";
			developmentRegion = en;
			hasScannedForEncodings = 0;
			knownRegions = (
				en,
				Base,
			);
			mainGroup = 84AC37D2265D06E60079611F;
			productRefGroup = 84AC37DC265D06E60079611F /* Products */;
			projectDirPath = "";
			projectRoot = "";
			targets = (
				84AC37DA265D06E60079611F /* GIF */,
			);
		};
/* End PBXProject section */

/* Begin PBXResourcesBuildPhase section */
		84AC37D9265D06E60079611F /* Resources */ = {
			isa = PBXResourcesBuildPhase;
			buildActionMask = 2147483647;
			files = (
				84AC37EB265D06EE0079611F /* LaunchScreen.storyboard in Resources */,
				84AC37E8265D06EE0079611F /* Assets.xcassets in Resources */,
				84A4BEA42661268600B0CD0E /* CollectionViewCellWithGif.xib in Resources */,
				84AC37E6265D06E60079611F /* Main.storyboard in Resources */,
			);
			runOnlyForDeploymentPostprocessing = 0;
		};
/* End PBXResourcesBuildPhase section */

/* Begin PBXShellScriptBuildPhase section */
		0AB73D6642BC2E511A60196E /* [CP] Embed Pods Frameworks */ = {
			isa = PBXShellScriptBuildPhase;
			buildActionMask = 2147483647;
			files = (
			);
			inputFileListPaths = (
				"${PODS_ROOT}/Target Support Files/Pods-GIF/Pods-GIF-frameworks-${CONFIGURATION}-input-files.xcfilelist",
			);
			name = "[CP] Embed Pods Frameworks";
			outputFileListPaths = (
				"${PODS_ROOT}/Target Support Files/Pods-GIF/Pods-GIF-frameworks-${CONFIGURATION}-output-files.xcfilelist",
			);
			runOnlyForDeploymentPostprocessing = 0;
			shellPath = /bin/sh;
			shellScript = "\"${PODS_ROOT}/Target Support Files/Pods-GIF/Pods-GIF-frameworks.sh\"\n";
			showEnvVarsInLog = 0;
		};
		36CD94F7182561A5DB10F4E7 /* [CP] Check Pods Manifest.lock */ = {
			isa = PBXShellScriptBuildPhase;
			buildActionMask = 2147483647;
			files = (
			);
			inputFileListPaths = (
			);
			inputPaths = (
				"${PODS_PODFILE_DIR_PATH}/Podfile.lock",
				"${PODS_ROOT}/Manifest.lock",
			);
			name = "[CP] Check Pods Manifest.lock";
			outputFileListPaths = (
			);
			outputPaths = (
				"$(DERIVED_FILE_DIR)/Pods-GIF-checkManifestLockResult.txt",
			);
			runOnlyForDeploymentPostprocessing = 0;
			shellPath = /bin/sh;
			shellScript = "diff \"${PODS_PODFILE_DIR_PATH}/Podfile.lock\" \"${PODS_ROOT}/Manifest.lock\" > /dev/null\nif [ $? != 0 ] ; then\n    # print error to STDERR\n    echo \"error: The sandbox is not in sync with the Podfile.lock. Run 'pod install' or update your CocoaPods installation.\" >&2\n    exit 1\nfi\n# This output is used by Xcode 'outputs' to avoid re-running this script phase.\necho \"SUCCESS\" > \"${SCRIPT_OUTPUT_FILE_0}\"\n";
			showEnvVarsInLog = 0;
		};
/* End PBXShellScriptBuildPhase section */

/* Begin PBXSourcesBuildPhase section */
		84AC37D7265D06E60079611F /* Sources */ = {
			isa = PBXSourcesBuildPhase;
			buildActionMask = 2147483647;
			files = (
				84C9569C2694759C00EAAFB9 /* GifManager.swift in Sources */,
				84AC37E3265D06E60079611F /* SearchGifViewController.swift in Sources */,
				84C956A426947A0100EAAFB9 /* GifApiService.swift in Sources */,
				84A4BEA32661268600B0CD0E /* CollectionViewCellWithGif.swift in Sources */,
				84AC37DF265D06E60079611F /* AppDelegate.swift in Sources */,
				84203F592670F1DA0040F6B8 /* Constants.swift in Sources */,
				845A629E2668EB3D00C3FBB5 /* TimerManagerProtocol.swift in Sources */,
				84AC37E1265D06E60079611F /* SceneDelegate.swift in Sources */,
				84AC3808265E55CF0079611F /* ResponseFromTheServer.swift in Sources */,
				84C956982694758D00EAAFB9 /* GifManagerProtocol.swift in Sources */,
				845A629B2668EB2200C3FBB5 /* TimerManager.swift in Sources */,
			);
			runOnlyForDeploymentPostprocessing = 0;
		};
/* End PBXSourcesBuildPhase section */

/* Begin PBXVariantGroup section */
		84AC37E4265D06E60079611F /* Main.storyboard */ = {
			isa = PBXVariantGroup;
			children = (
				84AC37E5265D06E60079611F /* Base */,
			);
			name = Main.storyboard;
			sourceTree = "<group>";
		};
		84AC37E9265D06EE0079611F /* LaunchScreen.storyboard */ = {
			isa = PBXVariantGroup;
			children = (
				84AC37EA265D06EE0079611F /* Base */,
			);
			name = LaunchScreen.storyboard;
			sourceTree = "<group>";
		};
/* End PBXVariantGroup section */

/* Begin XCBuildConfiguration section */
		84AC37ED265D06EE0079611F /* Debug */ = {
			isa = XCBuildConfiguration;
			buildSettings = {
				ALWAYS_SEARCH_USER_PATHS = NO;
				CLANG_ANALYZER_NONNULL = YES;
				CLANG_ANALYZER_NUMBER_OBJECT_CONVERSION = YES_AGGRESSIVE;
				CLANG_CXX_LANGUAGE_STANDARD = "gnu++14";
				CLANG_CXX_LIBRARY = "libc++";
				CLANG_ENABLE_MODULES = YES;
				CLANG_ENABLE_OBJC_ARC = YES;
				CLANG_ENABLE_OBJC_WEAK = YES;
				CLANG_WARN_BLOCK_CAPTURE_AUTORELEASING = YES;
				CLANG_WARN_BOOL_CONVERSION = YES;
				CLANG_WARN_COMMA = YES;
				CLANG_WARN_CONSTANT_CONVERSION = YES;
				CLANG_WARN_DEPRECATED_OBJC_IMPLEMENTATIONS = YES;
				CLANG_WARN_DIRECT_OBJC_ISA_USAGE = YES_ERROR;
				CLANG_WARN_DOCUMENTATION_COMMENTS = YES;
				CLANG_WARN_EMPTY_BODY = YES;
				CLANG_WARN_ENUM_CONVERSION = YES;
				CLANG_WARN_INFINITE_RECURSION = YES;
				CLANG_WARN_INT_CONVERSION = YES;
				CLANG_WARN_NON_LITERAL_NULL_CONVERSION = YES;
				CLANG_WARN_OBJC_IMPLICIT_RETAIN_SELF = YES;
				CLANG_WARN_OBJC_LITERAL_CONVERSION = YES;
				CLANG_WARN_OBJC_ROOT_CLASS = YES_ERROR;
				CLANG_WARN_QUOTED_INCLUDE_IN_FRAMEWORK_HEADER = YES;
				CLANG_WARN_RANGE_LOOP_ANALYSIS = YES;
				CLANG_WARN_STRICT_PROTOTYPES = YES;
				CLANG_WARN_SUSPICIOUS_MOVE = YES;
				CLANG_WARN_UNGUARDED_AVAILABILITY = YES_AGGRESSIVE;
				CLANG_WARN_UNREACHABLE_CODE = YES;
				CLANG_WARN__DUPLICATE_METHOD_MATCH = YES;
				COPY_PHASE_STRIP = NO;
				DEBUG_INFORMATION_FORMAT = dwarf;
				ENABLE_STRICT_OBJC_MSGSEND = YES;
				ENABLE_TESTABILITY = YES;
				GCC_C_LANGUAGE_STANDARD = gnu11;
				GCC_DYNAMIC_NO_PIC = NO;
				GCC_NO_COMMON_BLOCKS = YES;
				GCC_OPTIMIZATION_LEVEL = 0;
				GCC_PREPROCESSOR_DEFINITIONS = (
					"DEBUG=1",
					"$(inherited)",
				);
				GCC_WARN_64_TO_32_BIT_CONVERSION = YES;
				GCC_WARN_ABOUT_RETURN_TYPE = YES_ERROR;
				GCC_WARN_UNDECLARED_SELECTOR = YES;
				GCC_WARN_UNINITIALIZED_AUTOS = YES_AGGRESSIVE;
				GCC_WARN_UNUSED_FUNCTION = YES;
				GCC_WARN_UNUSED_VARIABLE = YES;
				IPHONEOS_DEPLOYMENT_TARGET = 14.3;
				MTL_ENABLE_DEBUG_INFO = INCLUDE_SOURCE;
				MTL_FAST_MATH = YES;
				ONLY_ACTIVE_ARCH = YES;
				SDKROOT = iphoneos;
				SWIFT_ACTIVE_COMPILATION_CONDITIONS = DEBUG;
				SWIFT_OPTIMIZATION_LEVEL = "-Onone";
			};
			name = Debug;
		};
		84AC37EE265D06EE0079611F /* Release */ = {
			isa = XCBuildConfiguration;
			buildSettings = {
				ALWAYS_SEARCH_USER_PATHS = NO;
				CLANG_ANALYZER_NONNULL = YES;
				CLANG_ANALYZER_NUMBER_OBJECT_CONVERSION = YES_AGGRESSIVE;
				CLANG_CXX_LANGUAGE_STANDARD = "gnu++14";
				CLANG_CXX_LIBRARY = "libc++";
				CLANG_ENABLE_MODULES = YES;
				CLANG_ENABLE_OBJC_ARC = YES;
				CLANG_ENABLE_OBJC_WEAK = YES;
				CLANG_WARN_BLOCK_CAPTURE_AUTORELEASING = YES;
				CLANG_WARN_BOOL_CONVERSION = YES;
				CLANG_WARN_COMMA = YES;
				CLANG_WARN_CONSTANT_CONVERSION = YES;
				CLANG_WARN_DEPRECATED_OBJC_IMPLEMENTATIONS = YES;
				CLANG_WARN_DIRECT_OBJC_ISA_USAGE = YES_ERROR;
				CLANG_WARN_DOCUMENTATION_COMMENTS = YES;
				CLANG_WARN_EMPTY_BODY = YES;
				CLANG_WARN_ENUM_CONVERSION = YES;
				CLANG_WARN_INFINITE_RECURSION = YES;
				CLANG_WARN_INT_CONVERSION = YES;
				CLANG_WARN_NON_LITERAL_NULL_CONVERSION = YES;
				CLANG_WARN_OBJC_IMPLICIT_RETAIN_SELF = YES;
				CLANG_WARN_OBJC_LITERAL_CONVERSION = YES;
				CLANG_WARN_OBJC_ROOT_CLASS = YES_ERROR;
				CLANG_WARN_QUOTED_INCLUDE_IN_FRAMEWORK_HEADER = YES;
				CLANG_WARN_RANGE_LOOP_ANALYSIS = YES;
				CLANG_WARN_STRICT_PROTOTYPES = YES;
				CLANG_WARN_SUSPICIOUS_MOVE = YES;
				CLANG_WARN_UNGUARDED_AVAILABILITY = YES_AGGRESSIVE;
				CLANG_WARN_UNREACHABLE_CODE = YES;
				CLANG_WARN__DUPLICATE_METHOD_MATCH = YES;
				COPY_PHASE_STRIP = NO;
				DEBUG_INFORMATION_FORMAT = "dwarf-with-dsym";
				ENABLE_NS_ASSERTIONS = NO;
				ENABLE_STRICT_OBJC_MSGSEND = YES;
				GCC_C_LANGUAGE_STANDARD = gnu11;
				GCC_NO_COMMON_BLOCKS = YES;
				GCC_WARN_64_TO_32_BIT_CONVERSION = YES;
				GCC_WARN_ABOUT_RETURN_TYPE = YES_ERROR;
				GCC_WARN_UNDECLARED_SELECTOR = YES;
				GCC_WARN_UNINITIALIZED_AUTOS = YES_AGGRESSIVE;
				GCC_WARN_UNUSED_FUNCTION = YES;
				GCC_WARN_UNUSED_VARIABLE = YES;
				IPHONEOS_DEPLOYMENT_TARGET = 14.3;
				MTL_ENABLE_DEBUG_INFO = NO;
				MTL_FAST_MATH = YES;
				SDKROOT = iphoneos;
				SWIFT_COMPILATION_MODE = wholemodule;
				SWIFT_OPTIMIZATION_LEVEL = "-O";
				VALIDATE_PRODUCT = YES;
			};
			name = Release;
		};
		84AC37F0265D06EE0079611F /* Debug */ = {
			isa = XCBuildConfiguration;
			baseConfigurationReference = 19157F72AD28E6D1456DC432 /* Pods-GIF.debug.xcconfig */;
			buildSettings = {
				ASSETCATALOG_COMPILER_APPICON_NAME = AppIcon;
				ASSETCATALOG_COMPILER_GLOBAL_ACCENT_COLOR_NAME = AccentColor;
				CODE_SIGN_STYLE = Automatic;
				DEVELOPMENT_TEAM = K65ST9335M;
				INFOPLIST_FILE = GIF/SupportingFiles/Info.plist;
				LD_RUNPATH_SEARCH_PATHS = (
					"$(inherited)",
					"@executable_path/Frameworks",
				);
				PRODUCT_BUNDLE_IDENTIFIER = Lagutik.GIF;
				PRODUCT_NAME = "$(TARGET_NAME)";
				SWIFT_VERSION = 5.0;
				TARGETED_DEVICE_FAMILY = "1,2";
			};
			name = Debug;
		};
		84AC37F1265D06EE0079611F /* Release */ = {
			isa = XCBuildConfiguration;
			baseConfigurationReference = 62123C957ED316CD31F953D9 /* Pods-GIF.release.xcconfig */;
			buildSettings = {
				ASSETCATALOG_COMPILER_APPICON_NAME = AppIcon;
				ASSETCATALOG_COMPILER_GLOBAL_ACCENT_COLOR_NAME = AccentColor;
				CODE_SIGN_STYLE = Automatic;
				DEVELOPMENT_TEAM = K65ST9335M;
				INFOPLIST_FILE = GIF/SupportingFiles/Info.plist;
				LD_RUNPATH_SEARCH_PATHS = (
					"$(inherited)",
					"@executable_path/Frameworks",
				);
				PRODUCT_BUNDLE_IDENTIFIER = Lagutik.GIF;
				PRODUCT_NAME = "$(TARGET_NAME)";
				SWIFT_VERSION = 5.0;
				TARGETED_DEVICE_FAMILY = "1,2";
			};
			name = Release;
		};
/* End XCBuildConfiguration section */

/* Begin XCConfigurationList section */
		84AC37D6265D06E60079611F /* Build configuration list for PBXProject "GIF" */ = {
			isa = XCConfigurationList;
			buildConfigurations = (
				84AC37ED265D06EE0079611F /* Debug */,
				84AC37EE265D06EE0079611F /* Release */,
			);
			defaultConfigurationIsVisible = 0;
			defaultConfigurationName = Release;
		};
		84AC37EF265D06EE0079611F /* Build configuration list for PBXNativeTarget "GIF" */ = {
			isa = XCConfigurationList;
			buildConfigurations = (
				84AC37F0265D06EE0079611F /* Debug */,
				84AC37F1265D06EE0079611F /* Release */,
			);
			defaultConfigurationIsVisible = 0;
			defaultConfigurationName = Release;
		};
/* End XCConfigurationList section */
	};
	rootObject = 84AC37D3265D06E60079611F /* Project object */;
}
